
Microsoft Visual Studio Solution File, Format Version 12.00
# Visual Studio Version 16
VisualStudioVersion = 16.0.29306.81
MinimumVisualStudioVersion = 10.0.40219.1
Project("{FAE04EC0-301F-11D3-BF4B-00C04F79EFBC}") = "Đồ án OOP", "Đồ án OOP.csproj", "{F2B22149-3174-49AD-BD18-F5B195BA4207}"
EndProject
Global
	GlobalSection(SolutionConfigurationPlatforms) = preSolution
		Debug|Any CPU = Debug|Any CPU
		Release|Any CPU = Release|Any CPU
	EndGlobalSection
	GlobalSection(ProjectConfigurationPlatforms) = postSolution
		{F2B22149-3174-49AD-BD18-F5B195BA4207}.Debug|Any CPU.ActiveCfg = Debug|Any CPU
		{F2B22149-3174-49AD-BD18-F5B195BA4207}.Debug|Any CPU.Build.0 = Debug|Any CPU
		{F2B22149-3174-49AD-BD18-F5B195BA4207}.Release|Any CPU.ActiveCfg = Release|Any CPU
		{F2B22149-3174-49AD-BD18-F5B195BA4207}.Release|Any CPU.Build.0 = Release|Any CPU
	EndGlobalSection
	GlobalSection(SolutionProperties) = preSolution
		HideSolutionNode = FALSE
	EndGlobalSection
	GlobalSection(ExtensibilityGlobals) = postSolution
		SolutionGuid = {63C1BBA4-8892-4C7D-B794-D94CE28A13D1}
	EndGlobalSection
EndGlobal
